
Microsoft Visual Studio Solution File, Format Version 12.00
# Visual Studio Version 16
VisualStudioVersion = 16.0.31005.135
MinimumVisualStudioVersion = 10.0.40219.1
Project("{9A19103F-16F7-4668-BE54-9A1E7A4F7556}") = "TrashMob", "TrashMob\TrashMob.csproj", "{9B6F74CF-96C1-41F1-80BD-301ADDE01883}"
EndProject
Project("{9A19103F-16F7-4668-BE54-9A1E7A4F7556}") = "TrashMob.Shared", "TrashMob.Shared\TrashMob.Shared.csproj", "{2FD76A36-109C-407B-B3CA-6FFA2ABAA67C}"
EndProject
Project("{9A19103F-16F7-4668-BE54-9A1E7A4F7556}") = "TrashMob.Shared.Tests", "TrashMob.Shared.Tests\TrashMob.Shared.Tests.csproj", "{5C9F3B30-8A2A-4E73-AE7C-A4EABA0353B2}"
EndProject
Project("{9A19103F-16F7-4668-BE54-9A1E7A4F7556}") = "TrashMobJobs", "TrashMobJobs\TrashMobJobs.csproj", "{094027EE-D053-4C3F-B272-896472349E7E}"
EndProject
Project("{FAE04EC0-301F-11D3-BF4B-00C04F79EFBC}") = "TrashMobMobile.Android", "TrashMobMobile\TrashMobMobile.Android\TrashMobMobile.Android.csproj", "{1FE7845D-EE3A-4403-B953-59E414FEDF47}"
EndProject
Project("{FAE04EC0-301F-11D3-BF4B-00C04F79EFBC}") = "TrashMobMobile.iOS", "TrashMobMobile\TrashMobMobile.iOS\TrashMobMobile.iOS.csproj", "{D66BF99B-9729-4997-87DA-85A6668347E0}"
EndProject
Project("{9A19103F-16F7-4668-BE54-9A1E7A4F7556}") = "TrashMobMobile", "TrashMobMobile\TrashMobMobile\TrashMobMobile.csproj", "{7BC88F01-FF14-4458-9BDB-DDFCC100D2C6}"
EndProject
Project("{2150E333-8FDC-42A3-9474-1A3956D46DE8}") = "Solution Items", "Solution Items", "{4478AB77-33C6-46FE-8CC9-C1D6BB4556B5}"
	ProjectSection(SolutionItems) = preProject
		CODE_OF_CONDUCT.md = CODE_OF_CONDUCT.md
		CONTRIBUTING.md = CONTRIBUTING.md
		LICENSE = LICENSE
		NuGet.Config = NuGet.Config
		README.md = README.md
		TrashMob_Logo1.svg = TrashMob_Logo1.svg
	EndProjectSection
EndProject
Global
	GlobalSection(SolutionConfigurationPlatforms) = preSolution
		Debug|Any CPU = Debug|Any CPU
		Debug|iPhone = Debug|iPhone
		Debug|iPhoneSimulator = Debug|iPhoneSimulator
		Release|Any CPU = Release|Any CPU
		Release|iPhone = Release|iPhone
		Release|iPhoneSimulator = Release|iPhoneSimulator
	EndGlobalSection
	GlobalSection(ProjectConfigurationPlatforms) = postSolution
		{9B6F74CF-96C1-41F1-80BD-301ADDE01883}.Debug|Any CPU.ActiveCfg = Debug|Any CPU
		{9B6F74CF-96C1-41F1-80BD-301ADDE01883}.Debug|Any CPU.Build.0 = Debug|Any CPU
		{9B6F74CF-96C1-41F1-80BD-301ADDE01883}.Debug|iPhone.ActiveCfg = Debug|Any CPU
		{9B6F74CF-96C1-41F1-80BD-301ADDE01883}.Debug|iPhone.Build.0 = Debug|Any CPU
		{9B6F74CF-96C1-41F1-80BD-301ADDE01883}.Debug|iPhoneSimulator.ActiveCfg = Debug|Any CPU
		{9B6F74CF-96C1-41F1-80BD-301ADDE01883}.Debug|iPhoneSimulator.Build.0 = Debug|Any CPU
		{9B6F74CF-96C1-41F1-80BD-301ADDE01883}.Release|Any CPU.ActiveCfg = Release|Any CPU
		{9B6F74CF-96C1-41F1-80BD-301ADDE01883}.Release|Any CPU.Build.0 = Release|Any CPU
		{9B6F74CF-96C1-41F1-80BD-301ADDE01883}.Release|iPhone.ActiveCfg = Release|Any CPU
		{9B6F74CF-96C1-41F1-80BD-301ADDE01883}.Release|iPhone.Build.0 = Release|Any CPU
		{9B6F74CF-96C1-41F1-80BD-301ADDE01883}.Release|iPhoneSimulator.ActiveCfg = Release|Any CPU
		{9B6F74CF-96C1-41F1-80BD-301ADDE01883}.Release|iPhoneSimulator.Build.0 = Release|Any CPU
		{2FD76A36-109C-407B-B3CA-6FFA2ABAA67C}.Debug|Any CPU.ActiveCfg = Debug|Any CPU
		{2FD76A36-109C-407B-B3CA-6FFA2ABAA67C}.Debug|Any CPU.Build.0 = Debug|Any CPU
		{2FD76A36-109C-407B-B3CA-6FFA2ABAA67C}.Debug|iPhone.ActiveCfg = Debug|Any CPU
		{2FD76A36-109C-407B-B3CA-6FFA2ABAA67C}.Debug|iPhone.Build.0 = Debug|Any CPU
		{2FD76A36-109C-407B-B3CA-6FFA2ABAA67C}.Debug|iPhoneSimulator.ActiveCfg = Debug|Any CPU
		{2FD76A36-109C-407B-B3CA-6FFA2ABAA67C}.Debug|iPhoneSimulator.Build.0 = Debug|Any CPU
		{2FD76A36-109C-407B-B3CA-6FFA2ABAA67C}.Release|Any CPU.ActiveCfg = Release|Any CPU
		{2FD76A36-109C-407B-B3CA-6FFA2ABAA67C}.Release|Any CPU.Build.0 = Release|Any CPU
		{2FD76A36-109C-407B-B3CA-6FFA2ABAA67C}.Release|iPhone.ActiveCfg = Release|Any CPU
		{2FD76A36-109C-407B-B3CA-6FFA2ABAA67C}.Release|iPhone.Build.0 = Release|Any CPU
		{2FD76A36-109C-407B-B3CA-6FFA2ABAA67C}.Release|iPhoneSimulator.ActiveCfg = Release|Any CPU
		{2FD76A36-109C-407B-B3CA-6FFA2ABAA67C}.Release|iPhoneSimulator.Build.0 = Release|Any CPU
		{5C9F3B30-8A2A-4E73-AE7C-A4EABA0353B2}.Debug|Any CPU.ActiveCfg = Debug|Any CPU
		{5C9F3B30-8A2A-4E73-AE7C-A4EABA0353B2}.Debug|Any CPU.Build.0 = Debug|Any CPU
		{5C9F3B30-8A2A-4E73-AE7C-A4EABA0353B2}.Debug|iPhone.ActiveCfg = Debug|Any CPU
		{5C9F3B30-8A2A-4E73-AE7C-A4EABA0353B2}.Debug|iPhone.Build.0 = Debug|Any CPU
		{5C9F3B30-8A2A-4E73-AE7C-A4EABA0353B2}.Debug|iPhoneSimulator.ActiveCfg = Debug|Any CPU
		{5C9F3B30-8A2A-4E73-AE7C-A4EABA0353B2}.Debug|iPhoneSimulator.Build.0 = Debug|Any CPU
		{5C9F3B30-8A2A-4E73-AE7C-A4EABA0353B2}.Release|Any CPU.ActiveCfg = Release|Any CPU
		{5C9F3B30-8A2A-4E73-AE7C-A4EABA0353B2}.Release|Any CPU.Build.0 = Release|Any CPU
		{5C9F3B30-8A2A-4E73-AE7C-A4EABA0353B2}.Release|iPhone.ActiveCfg = Release|Any CPU
		{5C9F3B30-8A2A-4E73-AE7C-A4EABA0353B2}.Release|iPhone.Build.0 = Release|Any CPU
		{5C9F3B30-8A2A-4E73-AE7C-A4EABA0353B2}.Release|iPhoneSimulator.ActiveCfg = Release|Any CPU
		{5C9F3B30-8A2A-4E73-AE7C-A4EABA0353B2}.Release|iPhoneSimulator.Build.0 = Release|Any CPU
		{094027EE-D053-4C3F-B272-896472349E7E}.Debug|Any CPU.ActiveCfg = Debug|Any CPU
		{094027EE-D053-4C3F-B272-896472349E7E}.Debug|Any CPU.Build.0 = Debug|Any CPU
		{094027EE-D053-4C3F-B272-896472349E7E}.Debug|iPhone.ActiveCfg = Debug|Any CPU
		{094027EE-D053-4C3F-B272-896472349E7E}.Debug|iPhone.Build.0 = Debug|Any CPU
		{094027EE-D053-4C3F-B272-896472349E7E}.Debug|iPhoneSimulator.ActiveCfg = Debug|Any CPU
		{094027EE-D053-4C3F-B272-896472349E7E}.Debug|iPhoneSimulator.Build.0 = Debug|Any CPU
		{094027EE-D053-4C3F-B272-896472349E7E}.Release|Any CPU.ActiveCfg = Release|Any CPU
		{094027EE-D053-4C3F-B272-896472349E7E}.Release|Any CPU.Build.0 = Release|Any CPU
		{094027EE-D053-4C3F-B272-896472349E7E}.Release|iPhone.ActiveCfg = Release|Any CPU
		{094027EE-D053-4C3F-B272-896472349E7E}.Release|iPhone.Build.0 = Release|Any CPU
		{094027EE-D053-4C3F-B272-896472349E7E}.Release|iPhoneSimulator.ActiveCfg = Release|Any CPU
		{094027EE-D053-4C3F-B272-896472349E7E}.Release|iPhoneSimulator.Build.0 = Release|Any CPU
		{1FE7845D-EE3A-4403-B953-59E414FEDF47}.Debug|Any CPU.ActiveCfg = Debug|Any CPU
		{1FE7845D-EE3A-4403-B953-59E414FEDF47}.Debug|Any CPU.Build.0 = Debug|Any CPU
		{1FE7845D-EE3A-4403-B953-59E414FEDF47}.Debug|Any CPU.Deploy.0 = Debug|Any CPU
		{1FE7845D-EE3A-4403-B953-59E414FEDF47}.Debug|iPhone.ActiveCfg = Debug|Any CPU
		{1FE7845D-EE3A-4403-B953-59E414FEDF47}.Debug|iPhone.Build.0 = Debug|Any CPU
		{1FE7845D-EE3A-4403-B953-59E414FEDF47}.Debug|iPhone.Deploy.0 = Debug|Any CPU
		{1FE7845D-EE3A-4403-B953-59E414FEDF47}.Debug|iPhoneSimulator.ActiveCfg = Debug|Any CPU
		{1FE7845D-EE3A-4403-B953-59E414FEDF47}.Debug|iPhoneSimulator.Build.0 = Debug|Any CPU
		{1FE7845D-EE3A-4403-B953-59E414FEDF47}.Debug|iPhoneSimulator.Deploy.0 = Debug|Any CPU
		{1FE7845D-EE3A-4403-B953-59E414FEDF47}.Release|Any CPU.ActiveCfg = Release|Any CPU
		{1FE7845D-EE3A-4403-B953-59E414FEDF47}.Release|Any CPU.Build.0 = Release|Any CPU
		{1FE7845D-EE3A-4403-B953-59E414FEDF47}.Release|Any CPU.Deploy.0 = Release|Any CPU
		{1FE7845D-EE3A-4403-B953-59E414FEDF47}.Release|iPhone.ActiveCfg = Release|Any CPU
		{1FE7845D-EE3A-4403-B953-59E414FEDF47}.Release|iPhone.Build.0 = Release|Any CPU
		{1FE7845D-EE3A-4403-B953-59E414FEDF47}.Release|iPhone.Deploy.0 = Release|Any CPU
		{1FE7845D-EE3A-4403-B953-59E414FEDF47}.Release|iPhoneSimulator.ActiveCfg = Release|Any CPU
		{1FE7845D-EE3A-4403-B953-59E414FEDF47}.Release|iPhoneSimulator.Build.0 = Release|Any CPU
		{1FE7845D-EE3A-4403-B953-59E414FEDF47}.Release|iPhoneSimulator.Deploy.0 = Release|Any CPU
		{D66BF99B-9729-4997-87DA-85A6668347E0}.Debug|Any CPU.ActiveCfg = Debug|iPhoneSimulator
		{D66BF99B-9729-4997-87DA-85A6668347E0}.Debug|iPhone.ActiveCfg = Debug|iPhone
		{D66BF99B-9729-4997-87DA-85A6668347E0}.Debug|iPhone.Build.0 = Debug|iPhone
		{D66BF99B-9729-4997-87DA-85A6668347E0}.Debug|iPhoneSimulator.ActiveCfg = Debug|iPhoneSimulator
		{D66BF99B-9729-4997-87DA-85A6668347E0}.Debug|iPhoneSimulator.Build.0 = Debug|iPhoneSimulator
		{D66BF99B-9729-4997-87DA-85A6668347E0}.Release|Any CPU.ActiveCfg = Release|iPhoneSimulator
		{D66BF99B-9729-4997-87DA-85A6668347E0}.Release|iPhone.ActiveCfg = Release|iPhone
		{D66BF99B-9729-4997-87DA-85A6668347E0}.Release|iPhone.Build.0 = Release|iPhone
		{D66BF99B-9729-4997-87DA-85A6668347E0}.Release|iPhoneSimulator.ActiveCfg = Release|iPhoneSimulator
		{D66BF99B-9729-4997-87DA-85A6668347E0}.Release|iPhoneSimulator.Build.0 = Release|iPhoneSimulator
		{7BC88F01-FF14-4458-9BDB-DDFCC100D2C6}.Debug|Any CPU.ActiveCfg = Debug|Any CPU
		{7BC88F01-FF14-4458-9BDB-DDFCC100D2C6}.Debug|Any CPU.Build.0 = Debug|Any CPU
		{7BC88F01-FF14-4458-9BDB-DDFCC100D2C6}.Debug|iPhone.ActiveCfg = Debug|Any CPU
		{7BC88F01-FF14-4458-9BDB-DDFCC100D2C6}.Debug|iPhone.Build.0 = Debug|Any CPU
		{7BC88F01-FF14-4458-9BDB-DDFCC100D2C6}.Debug|iPhoneSimulator.ActiveCfg = Debug|Any CPU
		{7BC88F01-FF14-4458-9BDB-DDFCC100D2C6}.Debug|iPhoneSimulator.Build.0 = Debug|Any CPU
		{7BC88F01-FF14-4458-9BDB-DDFCC100D2C6}.Release|Any CPU.ActiveCfg = Release|Any CPU
		{7BC88F01-FF14-4458-9BDB-DDFCC100D2C6}.Release|Any CPU.Build.0 = Release|Any CPU
		{7BC88F01-FF14-4458-9BDB-DDFCC100D2C6}.Release|iPhone.ActiveCfg = Release|Any CPU
		{7BC88F01-FF14-4458-9BDB-DDFCC100D2C6}.Release|iPhone.Build.0 = Release|Any CPU
		{7BC88F01-FF14-4458-9BDB-DDFCC100D2C6}.Release|iPhoneSimulator.ActiveCfg = Release|Any CPU
		{7BC88F01-FF14-4458-9BDB-DDFCC100D2C6}.Release|iPhoneSimulator.Build.0 = Release|Any CPU
	EndGlobalSection
	GlobalSection(SolutionProperties) = preSolution
		HideSolutionNode = FALSE
	EndGlobalSection
	GlobalSection(ExtensibilityGlobals) = postSolution
		SolutionGuid = {303887FB-7790-466F-A170-DB27112EDB33}
	EndGlobalSection
EndGlobal
