Microsoft Visual Studio Solution File, Format Version 12.00
# Visual Studio Version 17
VisualStudioVersion = 17.0.31611.283
MinimumVisualStudioVersion = 10.0.40219.1
Project("{9A19103F-16F7-4668-BE54-9A1E7A4F7556}") = "TrashMob.Models", "TrashMob.Models\TrashMob.Models.csproj", "{B16C277F-2A4B-4479-A62D-E47C67729E7C}"
EndProject
Project("{9A19103F-16F7-4668-BE54-9A1E7A4F7556}") = "TrashMobMobile", "TrashMobMobile\TrashMobMobile.csproj", "{509A66EF-B8BB-41B6-B7D3-05A50F8877C5}"
EndProject
Global
	GlobalSection(SolutionConfigurationPlatforms) = preSolution
		Debug|Any CPU = Debug|Any CPU
		Release|Any CPU = Release|Any CPU
	EndGlobalSection
	GlobalSection(ProjectConfigurationPlatforms) = postSolution
		{B16C277F-2A4B-4479-A62D-E47C67729E7C}.Debug|Any CPU.ActiveCfg = Debug|Any CPU
		{B16C277F-2A4B-4479-A62D-E47C67729E7C}.Debug|Any CPU.Build.0 = Debug|Any CPU
		{B16C277F-2A4B-4479-A62D-E47C67729E7C}.Release|Any CPU.ActiveCfg = Release|Any CPU
		{B16C277F-2A4B-4479-A62D-E47C67729E7C}.Release|Any CPU.Build.0 = Release|Any CPU
		{509A66EF-B8BB-41B6-B7D3-05A50F8877C5}.Debug|Any CPU.ActiveCfg = Debug|Any CPU
		{509A66EF-B8BB-41B6-B7D3-05A50F8877C5}.Debug|Any CPU.Build.0 = Debug|Any CPU
		{509A66EF-B8BB-41B6-B7D3-05A50F8877C5}.Debug|Any CPU.Deploy.0 = Debug|Any CPU
		{509A66EF-B8BB-41B6-B7D3-05A50F8877C5}.Release|Any CPU.ActiveCfg = Release|Any CPU
		{509A66EF-B8BB-41B6-B7D3-05A50F8877C5}.Release|Any CPU.Build.0 = Release|Any CPU
		{509A66EF-B8BB-41B6-B7D3-05A50F8877C5}.Release|Any CPU.Deploy.0 = Release|Any CPU
	EndGlobalSection
	GlobalSection(SolutionProperties) = preSolution
		HideSolutionNode = FALSE
	EndGlobalSection
	GlobalSection(ExtensibilityGlobals) = postSolution
		SolutionGuid = {61F7FB11-1E47-470C-91E2-47F8143E1572}
	EndGlobalSection
EndGlobal
