
Microsoft Visual Studio Solution File, Format Version 12.00
# Visual Studio Version 18
VisualStudioVersion = 18.2.11415.280
MinimumVisualStudioVersion = 10.0.40219.1
Project("{9A19103F-16F7-4668-BE54-9A1E7A4F7556}") = "TrashMob.Models", "TrashMob.Models\TrashMob.Models.csproj", "{B16C277F-2A4B-4479-A62D-E47C67729E7C}"
EndProject
Project("{9A19103F-16F7-4668-BE54-9A1E7A4F7556}") = "TrashMobMobile", "TrashMobMobile\TrashMobMobile.csproj", "{509A66EF-B8BB-41B6-B7D3-05A50F8877C5}"
EndProject
Project("{2150E333-8FDC-42A3-9474-1A3956D46DE8}") = "Docs", "Docs", "{B2E2E6C5-9CC5-4A7E-9A4E-E97AFDA91105}"
	ProjectSection(SolutionItems) = preProject
		MobileAppUserStories.md = MobileAppUserStories.md
	EndProjectSection
EndProject
Project("{FAE04EC0-301F-11D3-BF4B-00C04F79EFBC}") = "TrashMobMobile.Tests", "TrashMobMobile.Tests\TrashMobMobile.Tests.csproj", "{DACA1F5D-84ED-4886-86C8-378413C43CEF}"
EndProject
Global
	GlobalSection(SolutionConfigurationPlatforms) = preSolution
		Debug|Any CPU = Debug|Any CPU
		Debug|x64 = Debug|x64
		Debug|x86 = Debug|x86
		Release|Any CPU = Release|Any CPU
		Release|x64 = Release|x64
		Release|x86 = Release|x86
	EndGlobalSection
	GlobalSection(ProjectConfigurationPlatforms) = postSolution
		{B16C277F-2A4B-4479-A62D-E47C67729E7C}.Debug|Any CPU.ActiveCfg = Debug|Any CPU
		{B16C277F-2A4B-4479-A62D-E47C67729E7C}.Debug|Any CPU.Build.0 = Debug|Any CPU
		{B16C277F-2A4B-4479-A62D-E47C67729E7C}.Debug|x64.ActiveCfg = Debug|Any CPU
		{B16C277F-2A4B-4479-A62D-E47C67729E7C}.Debug|x64.Build.0 = Debug|Any CPU
		{B16C277F-2A4B-4479-A62D-E47C67729E7C}.Debug|x86.ActiveCfg = Debug|Any CPU
		{B16C277F-2A4B-4479-A62D-E47C67729E7C}.Debug|x86.Build.0 = Debug|Any CPU
		{B16C277F-2A4B-4479-A62D-E47C67729E7C}.Release|Any CPU.ActiveCfg = Release|Any CPU
		{B16C277F-2A4B-4479-A62D-E47C67729E7C}.Release|Any CPU.Build.0 = Release|Any CPU
		{B16C277F-2A4B-4479-A62D-E47C67729E7C}.Release|x64.ActiveCfg = Release|Any CPU
		{B16C277F-2A4B-4479-A62D-E47C67729E7C}.Release|x64.Build.0 = Release|Any CPU
		{B16C277F-2A4B-4479-A62D-E47C67729E7C}.Release|x86.ActiveCfg = Release|Any CPU
		{B16C277F-2A4B-4479-A62D-E47C67729E7C}.Release|x86.Build.0 = Release|Any CPU
		{509A66EF-B8BB-41B6-B7D3-05A50F8877C5}.Debug|Any CPU.ActiveCfg = Debug|Any CPU
		{509A66EF-B8BB-41B6-B7D3-05A50F8877C5}.Debug|Any CPU.Build.0 = Debug|Any CPU
		{509A66EF-B8BB-41B6-B7D3-05A50F8877C5}.Debug|Any CPU.Deploy.0 = Debug|Any CPU
		{509A66EF-B8BB-41B6-B7D3-05A50F8877C5}.Debug|x64.ActiveCfg = Debug|Any CPU
		{509A66EF-B8BB-41B6-B7D3-05A50F8877C5}.Debug|x64.Build.0 = Debug|Any CPU
		{509A66EF-B8BB-41B6-B7D3-05A50F8877C5}.Debug|x86.ActiveCfg = Debug|Any CPU
		{509A66EF-B8BB-41B6-B7D3-05A50F8877C5}.Debug|x86.Build.0 = Debug|Any CPU
		{509A66EF-B8BB-41B6-B7D3-05A50F8877C5}.Release|Any CPU.ActiveCfg = Release|Any CPU
		{509A66EF-B8BB-41B6-B7D3-05A50F8877C5}.Release|Any CPU.Build.0 = Release|Any CPU
		{509A66EF-B8BB-41B6-B7D3-05A50F8877C5}.Release|Any CPU.Deploy.0 = Release|Any CPU
		{509A66EF-B8BB-41B6-B7D3-05A50F8877C5}.Release|x64.ActiveCfg = Release|Any CPU
		{509A66EF-B8BB-41B6-B7D3-05A50F8877C5}.Release|x64.Build.0 = Release|Any CPU
		{509A66EF-B8BB-41B6-B7D3-05A50F8877C5}.Release|x86.ActiveCfg = Release|Any CPU
		{509A66EF-B8BB-41B6-B7D3-05A50F8877C5}.Release|x86.Build.0 = Release|Any CPU
		{DACA1F5D-84ED-4886-86C8-378413C43CEF}.Debug|Any CPU.ActiveCfg = Debug|Any CPU
		{DACA1F5D-84ED-4886-86C8-378413C43CEF}.Debug|Any CPU.Build.0 = Debug|Any CPU
		{DACA1F5D-84ED-4886-86C8-378413C43CEF}.Debug|x64.ActiveCfg = Debug|Any CPU
		{DACA1F5D-84ED-4886-86C8-378413C43CEF}.Debug|x64.Build.0 = Debug|Any CPU
		{DACA1F5D-84ED-4886-86C8-378413C43CEF}.Debug|x86.ActiveCfg = Debug|Any CPU
		{DACA1F5D-84ED-4886-86C8-378413C43CEF}.Debug|x86.Build.0 = Debug|Any CPU
		{DACA1F5D-84ED-4886-86C8-378413C43CEF}.Release|Any CPU.ActiveCfg = Release|Any CPU
		{DACA1F5D-84ED-4886-86C8-378413C43CEF}.Release|Any CPU.Build.0 = Release|Any CPU
		{DACA1F5D-84ED-4886-86C8-378413C43CEF}.Release|x64.ActiveCfg = Release|Any CPU
		{DACA1F5D-84ED-4886-86C8-378413C43CEF}.Release|x64.Build.0 = Release|Any CPU
		{DACA1F5D-84ED-4886-86C8-378413C43CEF}.Release|x86.ActiveCfg = Release|Any CPU
		{DACA1F5D-84ED-4886-86C8-378413C43CEF}.Release|x86.Build.0 = Release|Any CPU
	EndGlobalSection
	GlobalSection(SolutionProperties) = preSolution
		HideSolutionNode = FALSE
	EndGlobalSection
	GlobalSection(ExtensibilityGlobals) = postSolution
		SolutionGuid = {61F7FB11-1E47-470C-91E2-47F8143E1572}
	EndGlobalSection
EndGlobal
