
Microsoft Visual Studio Solution File, Format Version 12.00
# Visual Studio Version 17
VisualStudioVersion = 17.0.31903.59
MinimumVisualStudioVersion = 10.0.40219.1
Project("{9A19103F-16F7-4668-BE54-9A1E7A4F7556}") = "TrashMob", "TrashMob\TrashMob.csproj", "{9B6F74CF-96C1-41F1-80BD-301ADDE01883}"
EndProject
Project("{9A19103F-16F7-4668-BE54-9A1E7A4F7556}") = "TrashMob.Shared", "TrashMob.Shared\TrashMob.Shared.csproj", "{2FD76A36-109C-407B-B3CA-6FFA2ABAA67C}"
EndProject
Project("{9A19103F-16F7-4668-BE54-9A1E7A4F7556}") = "TrashMob.Shared.Tests", "TrashMob.Shared.Tests\TrashMob.Shared.Tests.csproj", "{5C9F3B30-8A2A-4E73-AE7C-A4EABA0353B2}"
EndProject
Project("{9A19103F-16F7-4668-BE54-9A1E7A4F7556}") = "TrashMobJobs", "TrashMobJobs\TrashMobJobs.csproj", "{094027EE-D053-4C3F-B272-896472349E7E}"
EndProject
Project("{2150E333-8FDC-42A3-9474-1A3956D46DE8}") = "Solution Items", "Solution Items", "{4478AB77-33C6-46FE-8CC9-C1D6BB4556B5}"
	ProjectSection(SolutionItems) = preProject
		.editorconfig = .editorconfig
		CODE_OF_CONDUCT.md = CODE_OF_CONDUCT.md
		CONTRIBUTING.md = CONTRIBUTING.md
		LICENSE = LICENSE
		NuGet.Config = NuGet.Config
		README.md = README.md
		TrashMobArchitecture.png = TrashMobArchitecture.png
		TrashMob_Logo1.svg = TrashMob_Logo1.svg
	EndProjectSection
EndProject
Project("{2150E333-8FDC-42A3-9474-1A3956D46DE8}") = "Images", "Images", "{63452333-3221-4570-B976-B5861E90C603}"
	ProjectSection(SolutionItems) = preProject
		Images\favicon.ico = Images\favicon.ico
		Images\logo192.png = Images\logo192.png
		Images\logo512.png = Images\logo512.png
		Images\qrcode.png = Images\qrcode.png
		Images\TME_AppIcon2_512x512.png = Images\TME_AppIcon2_512x512.png
		Images\TME_AppIcon_512x512.png = Images\TME_AppIcon_512x512.png
		Images\TME_FB_SharedImage2_1200x630.png = Images\TME_FB_SharedImage2_1200x630.png
		Images\TME_FB_SharedImage3_1200x630.png = Images\TME_FB_SharedImage3_1200x630.png
		Images\TME_FB_SharedImage4_1200x630.png = Images\TME_FB_SharedImage4_1200x630.png
		Images\TME_FeatureGraphic_1024x500.png = Images\TME_FeatureGraphic_1024x500.png
		Images\TME_YT_ Banner2_1024x576.png = Images\TME_YT_ Banner2_1024x576.png
		Images\TME_YT_ Banner3_1024x576.png = Images\TME_YT_ Banner3_1024x576.png
		Images\TME_YT_ Banner_1024x576.png = Images\TME_YT_ Banner_1024x576.png
		Images\TME_YT_ Banner_2560x1440.png = Images\TME_YT_ Banner_2560x1440.png
		Images\TME_YT_ Banner_2560x430.png = Images\TME_YT_ Banner_2560x430.png
		Images\TME_YT_ Banner_2560x576.png = Images\TME_YT_ Banner_2560x576.png
		Images\TME_YT_ChannelIcon_800x800.png = Images\TME_YT_ChannelIcon_800x800.png
		Images\TME_YT_VideoWatermark.png = Images\TME_YT_VideoWatermark.png
		Images\TrashMobEco_CircleLogo.png = Images\TrashMobEco_CircleLogo.png
		Images\TrashMobEco_HorizontalLogo.png = Images\TrashMobEco_HorizontalLogo.png
		Images\TrashMobEco_StackedLogo.png = Images\TrashMobEco_StackedLogo.png
		Images\TrashMobEco_StackedLogo2.png = Images\TrashMobEco_StackedLogo2.png
	EndProjectSection
EndProject
Project("{9A19103F-16F7-4668-BE54-9A1E7A4F7556}") = "TrashMob.Models", "TrashMob.Models\TrashMob.Models.csproj", "{F3261F21-3FFC-41BF-AF57-394FEC6E0638}"
EndProject
Global
	GlobalSection(SolutionConfigurationPlatforms) = preSolution
		Debug|Any CPU = Debug|Any CPU
		Debug|iPhone = Debug|iPhone
		Debug|iPhoneSimulator = Debug|iPhoneSimulator
		Release|Any CPU = Release|Any CPU
		Release|iPhone = Release|iPhone
		Release|iPhoneSimulator = Release|iPhoneSimulator
	EndGlobalSection
	GlobalSection(ProjectConfigurationPlatforms) = postSolution
		{9B6F74CF-96C1-41F1-80BD-301ADDE01883}.Debug|Any CPU.ActiveCfg = Debug|Any CPU
		{9B6F74CF-96C1-41F1-80BD-301ADDE01883}.Debug|Any CPU.Build.0 = Debug|Any CPU
		{9B6F74CF-96C1-41F1-80BD-301ADDE01883}.Debug|iPhone.ActiveCfg = Debug|Any CPU
		{9B6F74CF-96C1-41F1-80BD-301ADDE01883}.Debug|iPhone.Build.0 = Debug|Any CPU
		{9B6F74CF-96C1-41F1-80BD-301ADDE01883}.Debug|iPhoneSimulator.ActiveCfg = Debug|Any CPU
		{9B6F74CF-96C1-41F1-80BD-301ADDE01883}.Debug|iPhoneSimulator.Build.0 = Debug|Any CPU
		{9B6F74CF-96C1-41F1-80BD-301ADDE01883}.Release|Any CPU.ActiveCfg = Release|Any CPU
		{9B6F74CF-96C1-41F1-80BD-301ADDE01883}.Release|Any CPU.Build.0 = Release|Any CPU
		{9B6F74CF-96C1-41F1-80BD-301ADDE01883}.Release|iPhone.ActiveCfg = Release|Any CPU
		{9B6F74CF-96C1-41F1-80BD-301ADDE01883}.Release|iPhone.Build.0 = Release|Any CPU
		{9B6F74CF-96C1-41F1-80BD-301ADDE01883}.Release|iPhoneSimulator.ActiveCfg = Release|Any CPU
		{9B6F74CF-96C1-41F1-80BD-301ADDE01883}.Release|iPhoneSimulator.Build.0 = Release|Any CPU
		{2FD76A36-109C-407B-B3CA-6FFA2ABAA67C}.Debug|Any CPU.ActiveCfg = Debug|Any CPU
		{2FD76A36-109C-407B-B3CA-6FFA2ABAA67C}.Debug|Any CPU.Build.0 = Debug|Any CPU
		{2FD76A36-109C-407B-B3CA-6FFA2ABAA67C}.Debug|iPhone.ActiveCfg = Debug|Any CPU
		{2FD76A36-109C-407B-B3CA-6FFA2ABAA67C}.Debug|iPhone.Build.0 = Debug|Any CPU
		{2FD76A36-109C-407B-B3CA-6FFA2ABAA67C}.Debug|iPhoneSimulator.ActiveCfg = Debug|Any CPU
		{2FD76A36-109C-407B-B3CA-6FFA2ABAA67C}.Debug|iPhoneSimulator.Build.0 = Debug|Any CPU
		{2FD76A36-109C-407B-B3CA-6FFA2ABAA67C}.Release|Any CPU.ActiveCfg = Release|Any CPU
		{2FD76A36-109C-407B-B3CA-6FFA2ABAA67C}.Release|Any CPU.Build.0 = Release|Any CPU
		{2FD76A36-109C-407B-B3CA-6FFA2ABAA67C}.Release|iPhone.ActiveCfg = Release|Any CPU
		{2FD76A36-109C-407B-B3CA-6FFA2ABAA67C}.Release|iPhone.Build.0 = Release|Any CPU
		{2FD76A36-109C-407B-B3CA-6FFA2ABAA67C}.Release|iPhoneSimulator.ActiveCfg = Release|Any CPU
		{2FD76A36-109C-407B-B3CA-6FFA2ABAA67C}.Release|iPhoneSimulator.Build.0 = Release|Any CPU
		{5C9F3B30-8A2A-4E73-AE7C-A4EABA0353B2}.Debug|Any CPU.ActiveCfg = Debug|Any CPU
		{5C9F3B30-8A2A-4E73-AE7C-A4EABA0353B2}.Debug|Any CPU.Build.0 = Debug|Any CPU
		{5C9F3B30-8A2A-4E73-AE7C-A4EABA0353B2}.Debug|iPhone.ActiveCfg = Debug|Any CPU
		{5C9F3B30-8A2A-4E73-AE7C-A4EABA0353B2}.Debug|iPhone.Build.0 = Debug|Any CPU
		{5C9F3B30-8A2A-4E73-AE7C-A4EABA0353B2}.Debug|iPhoneSimulator.ActiveCfg = Debug|Any CPU
		{5C9F3B30-8A2A-4E73-AE7C-A4EABA0353B2}.Debug|iPhoneSimulator.Build.0 = Debug|Any CPU
		{5C9F3B30-8A2A-4E73-AE7C-A4EABA0353B2}.Release|Any CPU.ActiveCfg = Release|Any CPU
		{5C9F3B30-8A2A-4E73-AE7C-A4EABA0353B2}.Release|Any CPU.Build.0 = Release|Any CPU
		{5C9F3B30-8A2A-4E73-AE7C-A4EABA0353B2}.Release|iPhone.ActiveCfg = Release|Any CPU
		{5C9F3B30-8A2A-4E73-AE7C-A4EABA0353B2}.Release|iPhone.Build.0 = Release|Any CPU
		{5C9F3B30-8A2A-4E73-AE7C-A4EABA0353B2}.Release|iPhoneSimulator.ActiveCfg = Release|Any CPU
		{5C9F3B30-8A2A-4E73-AE7C-A4EABA0353B2}.Release|iPhoneSimulator.Build.0 = Release|Any CPU
		{094027EE-D053-4C3F-B272-896472349E7E}.Debug|Any CPU.ActiveCfg = Debug|Any CPU
		{094027EE-D053-4C3F-B272-896472349E7E}.Debug|Any CPU.Build.0 = Debug|Any CPU
		{094027EE-D053-4C3F-B272-896472349E7E}.Debug|iPhone.ActiveCfg = Debug|Any CPU
		{094027EE-D053-4C3F-B272-896472349E7E}.Debug|iPhone.Build.0 = Debug|Any CPU
		{094027EE-D053-4C3F-B272-896472349E7E}.Debug|iPhoneSimulator.ActiveCfg = Debug|Any CPU
		{094027EE-D053-4C3F-B272-896472349E7E}.Debug|iPhoneSimulator.Build.0 = Debug|Any CPU
		{094027EE-D053-4C3F-B272-896472349E7E}.Release|Any CPU.ActiveCfg = Release|Any CPU
		{094027EE-D053-4C3F-B272-896472349E7E}.Release|Any CPU.Build.0 = Release|Any CPU
		{094027EE-D053-4C3F-B272-896472349E7E}.Release|iPhone.ActiveCfg = Release|Any CPU
		{094027EE-D053-4C3F-B272-896472349E7E}.Release|iPhone.Build.0 = Release|Any CPU
		{094027EE-D053-4C3F-B272-896472349E7E}.Release|iPhoneSimulator.ActiveCfg = Release|Any CPU
		{094027EE-D053-4C3F-B272-896472349E7E}.Release|iPhoneSimulator.Build.0 = Release|Any CPU
		{F3261F21-3FFC-41BF-AF57-394FEC6E0638}.Debug|Any CPU.ActiveCfg = Debug|Any CPU
		{F3261F21-3FFC-41BF-AF57-394FEC6E0638}.Debug|Any CPU.Build.0 = Debug|Any CPU
		{F3261F21-3FFC-41BF-AF57-394FEC6E0638}.Debug|iPhone.ActiveCfg = Debug|Any CPU
		{F3261F21-3FFC-41BF-AF57-394FEC6E0638}.Debug|iPhone.Build.0 = Debug|Any CPU
		{F3261F21-3FFC-41BF-AF57-394FEC6E0638}.Debug|iPhoneSimulator.ActiveCfg = Debug|Any CPU
		{F3261F21-3FFC-41BF-AF57-394FEC6E0638}.Debug|iPhoneSimulator.Build.0 = Debug|Any CPU
		{F3261F21-3FFC-41BF-AF57-394FEC6E0638}.Release|Any CPU.ActiveCfg = Release|Any CPU
		{F3261F21-3FFC-41BF-AF57-394FEC6E0638}.Release|Any CPU.Build.0 = Release|Any CPU
		{F3261F21-3FFC-41BF-AF57-394FEC6E0638}.Release|iPhone.ActiveCfg = Release|Any CPU
		{F3261F21-3FFC-41BF-AF57-394FEC6E0638}.Release|iPhone.Build.0 = Release|Any CPU
		{F3261F21-3FFC-41BF-AF57-394FEC6E0638}.Release|iPhoneSimulator.ActiveCfg = Release|Any CPU
		{F3261F21-3FFC-41BF-AF57-394FEC6E0638}.Release|iPhoneSimulator.Build.0 = Release|Any CPU
	EndGlobalSection
	GlobalSection(SolutionProperties) = preSolution
		HideSolutionNode = FALSE
	EndGlobalSection
	GlobalSection(ExtensibilityGlobals) = postSolution
		SolutionGuid = {303887FB-7790-466F-A170-DB27112EDB33}
	EndGlobalSection
EndGlobal
