
Microsoft Visual Studio Solution File, Format Version 12.00
# Visual Studio Version 17
VisualStudioVersion = 17.0.31903.59
MinimumVisualStudioVersion = 10.0.40219.1
Project("{9A19103F-16F7-4668-BE54-9A1E7A4F7556}") = "TrashMobMobile", "TrashMobMobile.csproj", "{2DF16519-2BAC-4131-B620-EC3EC197CA6F}"
EndProject
Project("{FAE04EC0-301F-11D3-BF4B-00C04F79EFBC}") = "TrashMobMobile.Android", "..\TrashMobMobile.Android\TrashMobMobile.Android.csproj", "{1FE7845D-EE3A-4403-B953-59E414FEDF47}"
EndProject
Project("{FAE04EC0-301F-11D3-BF4B-00C04F79EFBC}") = "TrashMobMobile.iOS", "..\TrashMobMobile.iOS\TrashMobMobile.iOS.csproj", "{D66BF99B-9729-4997-87DA-85A6668347E0}"
EndProject
Global
	GlobalSection(SolutionConfigurationPlatforms) = preSolution
		Debug|Any CPU = Debug|Any CPU
		Debug|iPhone = Debug|iPhone
		Debug|iPhoneSimulator = Debug|iPhoneSimulator
		Release|Any CPU = Release|Any CPU
		Release|iPhone = Release|iPhone
		Release|iPhoneSimulator = Release|iPhoneSimulator
	EndGlobalSection
	GlobalSection(ProjectConfigurationPlatforms) = postSolution
		{2DF16519-2BAC-4131-B620-EC3EC197CA6F}.Debug|Any CPU.ActiveCfg = Debug|Any CPU
		{2DF16519-2BAC-4131-B620-EC3EC197CA6F}.Debug|Any CPU.Build.0 = Debug|Any CPU
		{2DF16519-2BAC-4131-B620-EC3EC197CA6F}.Debug|iPhone.ActiveCfg = Debug|Any CPU
		{2DF16519-2BAC-4131-B620-EC3EC197CA6F}.Debug|iPhone.Build.0 = Debug|Any CPU
		{2DF16519-2BAC-4131-B620-EC3EC197CA6F}.Debug|iPhoneSimulator.ActiveCfg = Debug|Any CPU
		{2DF16519-2BAC-4131-B620-EC3EC197CA6F}.Debug|iPhoneSimulator.Build.0 = Debug|Any CPU
		{2DF16519-2BAC-4131-B620-EC3EC197CA6F}.Release|Any CPU.ActiveCfg = Release|Any CPU
		{2DF16519-2BAC-4131-B620-EC3EC197CA6F}.Release|Any CPU.Build.0 = Release|Any CPU
		{2DF16519-2BAC-4131-B620-EC3EC197CA6F}.Release|iPhone.ActiveCfg = Release|Any CPU
		{2DF16519-2BAC-4131-B620-EC3EC197CA6F}.Release|iPhone.Build.0 = Release|Any CPU
		{2DF16519-2BAC-4131-B620-EC3EC197CA6F}.Release|iPhoneSimulator.ActiveCfg = Release|Any CPU
		{2DF16519-2BAC-4131-B620-EC3EC197CA6F}.Release|iPhoneSimulator.Build.0 = Release|Any CPU
		{1FE7845D-EE3A-4403-B953-59E414FEDF47}.Debug|Any CPU.ActiveCfg = Debug|Any CPU
		{1FE7845D-EE3A-4403-B953-59E414FEDF47}.Debug|Any CPU.Build.0 = Debug|Any CPU
		{1FE7845D-EE3A-4403-B953-59E414FEDF47}.Debug|Any CPU.Deploy.0 = Debug|Any CPU
		{1FE7845D-EE3A-4403-B953-59E414FEDF47}.Debug|iPhone.ActiveCfg = Debug|Any CPU
		{1FE7845D-EE3A-4403-B953-59E414FEDF47}.Debug|iPhone.Build.0 = Debug|Any CPU
		{1FE7845D-EE3A-4403-B953-59E414FEDF47}.Debug|iPhone.Deploy.0 = Debug|Any CPU
		{1FE7845D-EE3A-4403-B953-59E414FEDF47}.Debug|iPhoneSimulator.ActiveCfg = Debug|Any CPU
		{1FE7845D-EE3A-4403-B953-59E414FEDF47}.Debug|iPhoneSimulator.Build.0 = Debug|Any CPU
		{1FE7845D-EE3A-4403-B953-59E414FEDF47}.Debug|iPhoneSimulator.Deploy.0 = Debug|Any CPU
		{1FE7845D-EE3A-4403-B953-59E414FEDF47}.Release|Any CPU.ActiveCfg = Release|Any CPU
		{1FE7845D-EE3A-4403-B953-59E414FEDF47}.Release|Any CPU.Build.0 = Release|Any CPU
		{1FE7845D-EE3A-4403-B953-59E414FEDF47}.Release|Any CPU.Deploy.0 = Release|Any CPU
		{1FE7845D-EE3A-4403-B953-59E414FEDF47}.Release|iPhone.ActiveCfg = Release|Any CPU
		{1FE7845D-EE3A-4403-B953-59E414FEDF47}.Release|iPhone.Build.0 = Release|Any CPU
		{1FE7845D-EE3A-4403-B953-59E414FEDF47}.Release|iPhone.Deploy.0 = Release|Any CPU
		{1FE7845D-EE3A-4403-B953-59E414FEDF47}.Release|iPhoneSimulator.ActiveCfg = Release|Any CPU
		{1FE7845D-EE3A-4403-B953-59E414FEDF47}.Release|iPhoneSimulator.Build.0 = Release|Any CPU
		{1FE7845D-EE3A-4403-B953-59E414FEDF47}.Release|iPhoneSimulator.Deploy.0 = Release|Any CPU
		{D66BF99B-9729-4997-87DA-85A6668347E0}.Debug|Any CPU.ActiveCfg = Debug|iPhoneSimulator
		{D66BF99B-9729-4997-87DA-85A6668347E0}.Debug|Any CPU.Build.0 = Debug|iPhoneSimulator
		{D66BF99B-9729-4997-87DA-85A6668347E0}.Debug|iPhone.ActiveCfg = Debug|iPhone
		{D66BF99B-9729-4997-87DA-85A6668347E0}.Debug|iPhone.Build.0 = Debug|iPhone
		{D66BF99B-9729-4997-87DA-85A6668347E0}.Debug|iPhoneSimulator.ActiveCfg = Debug|iPhoneSimulator
		{D66BF99B-9729-4997-87DA-85A6668347E0}.Debug|iPhoneSimulator.Build.0 = Debug|iPhoneSimulator
		{D66BF99B-9729-4997-87DA-85A6668347E0}.Release|Any CPU.ActiveCfg = Release|iPhoneSimulator
		{D66BF99B-9729-4997-87DA-85A6668347E0}.Release|Any CPU.Build.0 = Release|iPhoneSimulator
		{D66BF99B-9729-4997-87DA-85A6668347E0}.Release|iPhone.ActiveCfg = Release|iPhone
		{D66BF99B-9729-4997-87DA-85A6668347E0}.Release|iPhone.Build.0 = Release|iPhone
		{D66BF99B-9729-4997-87DA-85A6668347E0}.Release|iPhoneSimulator.ActiveCfg = Release|iPhoneSimulator
		{D66BF99B-9729-4997-87DA-85A6668347E0}.Release|iPhoneSimulator.Build.0 = Release|iPhoneSimulator
	EndGlobalSection
	GlobalSection(SolutionProperties) = preSolution
		HideSolutionNode = FALSE
	EndGlobalSection
	GlobalSection(ExtensibilityGlobals) = postSolution
		SolutionGuid = {4E44DA2E-E638-4815-9CD1-C769516A5F1E}
	EndGlobalSection
EndGlobal
